# @generated by Move, please check-in and do not edit manually.

[move]
version = 1
manifest_digest = "CC04168708C2B33D13129F25004EB00F3DF940C2702F173565374A97DC102008"
deps_digest = "F8BBB0CCB2491CA29A3DF03D6F92277A4F3574266507ACD77214D37ECA3F3082"
dependencies = [
  { name = "Iota" },
]

[[move.package]]
name = "Iota"
source = { local = "/home/elvis/iota/crates/iota-framework/packages/iota-framework" }

dependencies = [
  { name = "MoveStdlib" },
]

[[move.package]]
name = "MoveStdlib"
source = { local = "/home/elvis/iota/crates/iota-framework/packages/move-stdlib" }

[move.toolchain-version]
compiler-version = "0.2.0"
edition = "legacy"
flavor = "iota"
